
Microsoft Visual Studio Solution File, Format Version 12.00
# Visual Studio Version 16
VisualStudioVersion = 16.0.31005.135
MinimumVisualStudioVersion = 10.0.40219.1
Project("{2150E333-8FDC-42A3-9474-1A3956D46DE8}") = "presentation", "presentation", "{B0A72AB7-92AC-459A-9273-895AD0434D7C}"
EndProject
Project("{2150E333-8FDC-42A3-9474-1A3956D46DE8}") = "core", "core", "{EB49B8EB-9789-4A4A-A859-D8D531BC186B}"
EndProject
Project("{2150E333-8FDC-42A3-9474-1A3956D46DE8}") = "tests", "tests", "{A5A48792-1BB4-410F-B25C-DE749656D329}"
EndProject
Project("{2150E333-8FDC-42A3-9474-1A3956D46DE8}") = "infrastructure", "infrastructure", "{B920E10F-88F6-4FCF-B1BD-2C132C1D9B75}"
EndProject
Project("{9A19103F-16F7-4668-BE54-9A1E7A4F7556}") = "Microservice.Common", "Microservice.Common\Microservice.Common.csproj", "{5E6BD03A-BEED-4DD0-9D66-05F9FEBEEA6A}"
EndProject
Project("{9A19103F-16F7-4668-BE54-9A1E7A4F7556}") = "Microservice.Web.Api", "Microservice.Web.Api\Microservice.Web.Api.csproj", "{DD2DF7E2-98E4-4617-B933-478823A3735A}"
EndProject
Project("{9A19103F-16F7-4668-BE54-9A1E7A4F7556}") = "Microservice.DomainLogic", "Microservice.DomainLogic\Microservice.DomainLogic.csproj", "{80A419D5-7BDD-4012-BA89-87CDF5044AE1}"
EndProject
Project("{9A19103F-16F7-4668-BE54-9A1E7A4F7556}") = "Microservice.DataAccess.DB.Mongo", "Microservice.DataAccess.DB.Mongo\Microservice.DataAccess.DB.Mongo.csproj", "{74C6A079-981C-4087-8713-648CCED5F2B9}"
EndProject
Project("{9A19103F-16F7-4668-BE54-9A1E7A4F7556}") = "Microservice.DataAccess.DB.Dynamo", "Microservice.DataAccess.DB.Dynamo\Microservice.DataAccess.DB.Dynamo.csproj", "{FA572573-9520-44C3-973F-471C818CE30E}"
EndProject
Project("{9A19103F-16F7-4668-BE54-9A1E7A4F7556}") = "Microservice.Common.Web", "Microservice.Common.Web\Microservice.Common.Web.csproj", "{EEC3D128-606C-48D7-B259-E7FEA7B0059D}"
EndProject
Project("{9A19103F-16F7-4668-BE54-9A1E7A4F7556}") = "Microservice.DataAccess.DB.MSSQL", "Microservice.DataAccess.DB.MSSQL\Microservice.DataAccess.DB.MSSQL.csproj", "{88DF38A0-B5C5-4437-8D1E-28FCB8882C71}"
EndProject
Project("{9A19103F-16F7-4668-BE54-9A1E7A4F7556}") = "Microservice.Domain", "Microservice.Domain\Microservice.Domain.csproj", "{BF0F53E3-EBD0-462E-A000-778CE0148632}"
EndProject
Project("{2150E333-8FDC-42A3-9474-1A3956D46DE8}") = "domain", "domain", "{BB8D4D1C-A47E-4227-8841-9EDA792B9199}"
EndProject
Global
	GlobalSection(SolutionConfigurationPlatforms) = preSolution
		Debug|Any CPU = Debug|Any CPU
		Release|Any CPU = Release|Any CPU
	EndGlobalSection
	GlobalSection(ProjectConfigurationPlatforms) = postSolution
		{5E6BD03A-BEED-4DD0-9D66-05F9FEBEEA6A}.Debug|Any CPU.ActiveCfg = Debug|Any CPU
		{5E6BD03A-BEED-4DD0-9D66-05F9FEBEEA6A}.Debug|Any CPU.Build.0 = Debug|Any CPU
		{5E6BD03A-BEED-4DD0-9D66-05F9FEBEEA6A}.Release|Any CPU.ActiveCfg = Release|Any CPU
		{5E6BD03A-BEED-4DD0-9D66-05F9FEBEEA6A}.Release|Any CPU.Build.0 = Release|Any CPU
		{DD2DF7E2-98E4-4617-B933-478823A3735A}.Debug|Any CPU.ActiveCfg = Debug|Any CPU
		{DD2DF7E2-98E4-4617-B933-478823A3735A}.Debug|Any CPU.Build.0 = Debug|Any CPU
		{DD2DF7E2-98E4-4617-B933-478823A3735A}.Release|Any CPU.ActiveCfg = Release|Any CPU
		{DD2DF7E2-98E4-4617-B933-478823A3735A}.Release|Any CPU.Build.0 = Release|Any CPU
		{80A419D5-7BDD-4012-BA89-87CDF5044AE1}.Debug|Any CPU.ActiveCfg = Debug|Any CPU
		{80A419D5-7BDD-4012-BA89-87CDF5044AE1}.Debug|Any CPU.Build.0 = Debug|Any CPU
		{80A419D5-7BDD-4012-BA89-87CDF5044AE1}.Release|Any CPU.ActiveCfg = Release|Any CPU
		{80A419D5-7BDD-4012-BA89-87CDF5044AE1}.Release|Any CPU.Build.0 = Release|Any CPU
		{74C6A079-981C-4087-8713-648CCED5F2B9}.Debug|Any CPU.ActiveCfg = Debug|Any CPU
		{74C6A079-981C-4087-8713-648CCED5F2B9}.Debug|Any CPU.Build.0 = Debug|Any CPU
		{74C6A079-981C-4087-8713-648CCED5F2B9}.Release|Any CPU.ActiveCfg = Release|Any CPU
		{74C6A079-981C-4087-8713-648CCED5F2B9}.Release|Any CPU.Build.0 = Release|Any CPU
		{FA572573-9520-44C3-973F-471C818CE30E}.Debug|Any CPU.ActiveCfg = Debug|Any CPU
		{FA572573-9520-44C3-973F-471C818CE30E}.Debug|Any CPU.Build.0 = Debug|Any CPU
		{FA572573-9520-44C3-973F-471C818CE30E}.Release|Any CPU.ActiveCfg = Release|Any CPU
		{FA572573-9520-44C3-973F-471C818CE30E}.Release|Any CPU.Build.0 = Release|Any CPU
		{EEC3D128-606C-48D7-B259-E7FEA7B0059D}.Debug|Any CPU.ActiveCfg = Debug|Any CPU
		{EEC3D128-606C-48D7-B259-E7FEA7B0059D}.Debug|Any CPU.Build.0 = Debug|Any CPU
		{EEC3D128-606C-48D7-B259-E7FEA7B0059D}.Release|Any CPU.ActiveCfg = Release|Any CPU
		{EEC3D128-606C-48D7-B259-E7FEA7B0059D}.Release|Any CPU.Build.0 = Release|Any CPU
		{88DF38A0-B5C5-4437-8D1E-28FCB8882C71}.Debug|Any CPU.ActiveCfg = Debug|Any CPU
		{88DF38A0-B5C5-4437-8D1E-28FCB8882C71}.Debug|Any CPU.Build.0 = Debug|Any CPU
		{88DF38A0-B5C5-4437-8D1E-28FCB8882C71}.Release|Any CPU.ActiveCfg = Release|Any CPU
		{88DF38A0-B5C5-4437-8D1E-28FCB8882C71}.Release|Any CPU.Build.0 = Release|Any CPU
		{BF0F53E3-EBD0-462E-A000-778CE0148632}.Debug|Any CPU.ActiveCfg = Debug|Any CPU
		{BF0F53E3-EBD0-462E-A000-778CE0148632}.Debug|Any CPU.Build.0 = Debug|Any CPU
		{BF0F53E3-EBD0-462E-A000-778CE0148632}.Release|Any CPU.ActiveCfg = Release|Any CPU
		{BF0F53E3-EBD0-462E-A000-778CE0148632}.Release|Any CPU.Build.0 = Release|Any CPU
	EndGlobalSection
	GlobalSection(SolutionProperties) = preSolution
		HideSolutionNode = FALSE
	EndGlobalSection
	GlobalSection(NestedProjects) = preSolution
		{5E6BD03A-BEED-4DD0-9D66-05F9FEBEEA6A} = {EB49B8EB-9789-4A4A-A859-D8D531BC186B}
		{74C6A079-981C-4087-8713-648CCED5F2B9} = {B920E10F-88F6-4FCF-B1BD-2C132C1D9B75}
		{FA572573-9520-44C3-973F-471C818CE30E} = {B920E10F-88F6-4FCF-B1BD-2C132C1D9B75}
		{EEC3D128-606C-48D7-B259-E7FEA7B0059D} = {EB49B8EB-9789-4A4A-A859-D8D531BC186B}
		{88DF38A0-B5C5-4437-8D1E-28FCB8882C71} = {B920E10F-88F6-4FCF-B1BD-2C132C1D9B75}
		{BF0F53E3-EBD0-462E-A000-778CE0148632} = {BB8D4D1C-A47E-4227-8841-9EDA792B9199}
		{80A419D5-7BDD-4012-BA89-87CDF5044AE1} = {BB8D4D1C-A47E-4227-8841-9EDA792B9199}
		{DD2DF7E2-98E4-4617-B933-478823A3735A} = {B0A72AB7-92AC-459A-9273-895AD0434D7C}
	EndGlobalSection
	GlobalSection(ExtensibilityGlobals) = postSolution
		SolutionGuid = {FE88A9A1-886F-43EB-B07F-E72165D1746F}
	EndGlobalSection
EndGlobal
